// !$*UTF8*$!
{
	archiveVersion = 1;
	classes = {
	};
	objectVersion = 56;
	objects = {

/* Begin PBXBuildFile section */
		B49BB7A32981300000864F51 /* BackgroundViewController.swift in Sources */ = {isa = PBXBuildFile; fileRef = B49BB7A12981300000864F51 /* BackgroundViewController.swift */; };
		B49BB7A42981300000864F51 /* BackgroundViewController.xib in Resources */ = {isa = PBXBuildFile; fileRef = B49BB7A22981300000864F51 /* BackgroundViewController.xib */; };
		B4DD8A5329805BD800FFCABB /* backgroundxApp.swift in Sources */ = {isa = PBXBuildFile; fileRef = B4DD8A5229805BD800FFCABB /* backgroundxApp.swift */; };
		B4DD8A5529805BD800FFCABB /* ContentView.swift in Sources */ = {isa = PBXBuildFile; fileRef = B4DD8A5429805BD800FFCABB /* ContentView.swift */; };
		B4DD8A5729805BD900FFCABB /* Assets.xcassets in Resources */ = {isa = PBXBuildFile; fileRef = B4DD8A5629805BD900FFCABB /* Assets.xcassets */; };
		B4DD8A5A29805BD900FFCABB /* Preview Assets.xcassets in Resources */ = {isa = PBXBuildFile; fileRef = B4DD8A5929805BD900FFCABB /* Preview Assets.xcassets */; };
		B4DD8A6229805F0000FFCABB /* BackgroundWindow.swift in Sources */ = {isa = PBXBuildFile; fileRef = B4DD8A6129805F0000FFCABB /* BackgroundWindow.swift */; };
/* End PBXBuildFile section */

/* Begin PBXFileReference section */
		B49BB7A12981300000864F51 /* BackgroundViewController.swift */ = {isa = PBXFileReference; lastKnownFileType = sourcecode.swift; path = BackgroundViewController.swift; sourceTree = "<group>"; };
		B49BB7A22981300000864F51 /* BackgroundViewController.xib */ = {isa = PBXFileReference; lastKnownFileType = file.xib; path = BackgroundViewController.xib; sourceTree = "<group>"; };
		B4DD8A4F29805BD800FFCABB /* backgroundx.app */ = {isa = PBXFileReference; explicitFileType = wrapper.application; includeInIndex = 0; path = backgroundx.app; sourceTree = BUILT_PRODUCTS_DIR; };
		B4DD8A5229805BD800FFCABB /* backgroundxApp.swift */ = {isa = PBXFileReference; lastKnownFileType = sourcecode.swift; path = backgroundxApp.swift; sourceTree = "<group>"; };
		B4DD8A5429805BD800FFCABB /* ContentView.swift */ = {isa = PBXFileReference; lastKnownFileType = sourcecode.swift; path = ContentView.swift; sourceTree = "<group>"; };
		B4DD8A5629805BD900FFCABB /* Assets.xcassets */ = {isa = PBXFileReference; lastKnownFileType = folder.assetcatalog; path = Assets.xcassets; sourceTree = "<group>"; };
		B4DD8A5929805BD900FFCABB /* Preview Assets.xcassets */ = {isa = PBXFileReference; lastKnownFileType = folder.assetcatalog; path = "Preview Assets.xcassets"; sourceTree = "<group>"; };
		B4DD8A5B29805BD900FFCABB /* backgroundx.entitlements */ = {isa = PBXFileReference; lastKnownFileType = text.plist.entitlements; path = backgroundx.entitlements; sourceTree = "<group>"; };
		B4DD8A6129805F0000FFCABB /* BackgroundWindow.swift */ = {isa = PBXFileReference; lastKnownFileType = sourcecode.swift; path = BackgroundWindow.swift; sourceTree = "<group>"; };
/* End PBXFileReference section */

/* Begin PBXFrameworksBuildPhase section */
		B4DD8A4C29805BD800FFCABB /* Frameworks */ = {
			isa = PBXFrameworksBuildPhase;
			buildActionMask = 2147483647;
			files = (
			);
			runOnlyForDeploymentPostprocessing = 0;
		};
/* End PBXFrameworksBuildPhase section */

/* Begin PBXGroup section */
		B4DD8A4629805BD800FFCABB = {
			isa = PBXGroup;
			children = (
				B4DD8A5129805BD800FFCABB /* backgroundx */,
				B4DD8A5029805BD800FFCABB /* Products */,
			);
			sourceTree = "<group>";
		};
		B4DD8A5029805BD800FFCABB /* Products */ = {
			isa = PBXGroup;
			children = (
				B4DD8A4F29805BD800FFCABB /* backgroundx.app */,
			);
			name = Products;
			sourceTree = "<group>";
		};
		B4DD8A5129805BD800FFCABB /* backgroundx */ = {
			isa = PBXGroup;
			children = (
				B4DD8A5229805BD800FFCABB /* backgroundxApp.swift */,
				B4DD8A5429805BD800FFCABB /* ContentView.swift */,
				B4DD8A5629805BD900FFCABB /* Assets.xcassets */,
				B4DD8A5B29805BD900FFCABB /* backgroundx.entitlements */,
				B4DD8A5829805BD900FFCABB /* Preview Content */,
				B4DD8A6129805F0000FFCABB /* BackgroundWindow.swift */,
				B49BB7A12981300000864F51 /* BackgroundViewController.swift */,
				B49BB7A22981300000864F51 /* BackgroundViewController.xib */,
			);
			path = backgroundx;
			sourceTree = "<group>";
		};
		B4DD8A5829805BD900FFCABB /* Preview Content */ = {
			isa = PBXGroup;
			children = (
				B4DD8A5929805BD900FFCABB /* Preview Assets.xcassets */,
			);
			path = "Preview Content";
			sourceTree = "<group>";
		};
/* End PBXGroup section */

/* Begin PBXNativeTarget section */
		B4DD8A4E29805BD800FFCABB /* backgroundx */ = {
			isa = PBXNativeTarget;
			buildConfigurationList = B4DD8A5E29805BD900FFCABB /* Build configuration list for PBXNativeTarget "backgroundx" */;
			buildPhases = (
				B4DD8A4B29805BD800FFCABB /* Sources */,
				B4DD8A4C29805BD800FFCABB /* Frameworks */,
				B4DD8A4D29805BD800FFCABB /* Resources */,
			);
			buildRules = (
			);
			dependencies = (
			);
			name = backgroundx;
			productName = backgroundx;
			productReference = B4DD8A4F29805BD800FFCABB /* backgroundx.app */;
			productType = "com.apple.product-type.application";
		};
/* End PBXNativeTarget section */

/* Begin PBXProject section */
		B4DD8A4729805BD800FFCABB /* Project object */ = {
			isa = PBXProject;
			attributes = {
				BuildIndependentTargetsInParallel = 1;
				LastSwiftUpdateCheck = 1420;
				LastUpgradeCheck = 1420;
				TargetAttributes = {
					B4DD8A4E29805BD800FFCABB = {
						CreatedOnToolsVersion = 14.2;
					};
				};
			};
			buildConfigurationList = B4DD8A4A29805BD800FFCABB /* Build configuration list for PBXProject "backgroundx" */;
			compatibilityVersion = "Xcode 14.0";
			developmentRegion = en;
			hasScannedForEncodings = 0;
			knownRegions = (
				en,
				Base,
			);
			mainGroup = B4DD8A4629805BD800FFCABB;
			productRefGroup = B4DD8A5029805BD800FFCABB /* Products */;
			projectDirPath = "";
			projectRoot = "";
			targets = (
				B4DD8A4E29805BD800FFCABB /* backgroundx */,
			);
		};
/* End PBXProject section */

/* Begin PBXResourcesBuildPhase section */
		B4DD8A4D29805BD800FFCABB /* Resources */ = {
			isa = PBXResourcesBuildPhase;
			buildActionMask = 2147483647;
			files = (
				B4DD8A5A29805BD900FFCABB /* Preview Assets.xcassets in Resources */,
				B49BB7A42981300000864F51 /* BackgroundViewController.xib in Resources */,
				B4DD8A5729805BD900FFCABB /* Assets.xcassets in Resources */,
			);
			runOnlyForDeploymentPostprocessing = 0;
		};
/* End PBXResourcesBuildPhase section */

/* Begin PBXSourcesBuildPhase section */
		B4DD8A4B29805BD800FFCABB /* Sources */ = {
			isa = PBXSourcesBuildPhase;
			buildActionMask = 2147483647;
			files = (
				B49BB7A32981300000864F51 /* BackgroundViewController.swift in Sources */,
				B4DD8A6229805F0000FFCABB /* BackgroundWindow.swift in Sources */,
				B4DD8A5529805BD800FFCABB /* ContentView.swift in Sources */,
				B4DD8A5329805BD800FFCABB /* backgroundxApp.swift in Sources */,
			);
			runOnlyForDeploymentPostprocessing = 0;
		};
/* End PBXSourcesBuildPhase section */

/* Begin XCBuildConfiguration section */
		B4DD8A5C29805BD900FFCABB /* Debug */ = {
			isa = XCBuildConfiguration;
			buildSettings = {
				ALWAYS_SEARCH_USER_PATHS = NO;
				CLANG_ANALYZER_NONNULL = YES;
				CLANG_ANALYZER_NUMBER_OBJECT_CONVERSION = YES_AGGRESSIVE;
				CLANG_CXX_LANGUAGE_STANDARD = "gnu++20";
				CLANG_ENABLE_MODULES = YES;
				CLANG_ENABLE_OBJC_ARC = YES;
				CLANG_ENABLE_OBJC_WEAK = YES;
				CLANG_WARN_BLOCK_CAPTURE_AUTORELEASING = YES;
				CLANG_WARN_BOOL_CONVERSION = YES;
				CLANG_WARN_COMMA = YES;
				CLANG_WARN_CONSTANT_CONVERSION = YES;
				CLANG_WARN_DEPRECATED_OBJC_IMPLEMENTATIONS = YES;
				CLANG_WARN_DIRECT_OBJC_ISA_USAGE = YES_ERROR;
				CLANG_WARN_DOCUMENTATION_COMMENTS = YES;
				CLANG_WARN_EMPTY_BODY = YES;
				CLANG_WARN_ENUM_CONVERSION = YES;
				CLANG_WARN_INFINITE_RECURSION = YES;
				CLANG_WARN_INT_CONVERSION = YES;
				CLANG_WARN_NON_LITERAL_NULL_CONVERSION = YES;
				CLANG_WARN_OBJC_IMPLICIT_RETAIN_SELF = YES;
				CLANG_WARN_OBJC_LITERAL_CONVERSION = YES;
				CLANG_WARN_OBJC_ROOT_CLASS = YES_ERROR;
				CLANG_WARN_QUOTED_INCLUDE_IN_FRAMEWORK_HEADER = YES;
				CLANG_WARN_RANGE_LOOP_ANALYSIS = YES;
				CLANG_WARN_STRICT_PROTOTYPES = YES;
				CLANG_WARN_SUSPICIOUS_MOVE = YES;
				CLANG_WARN_UNGUARDED_AVAILABILITY = YES_AGGRESSIVE;
				CLANG_WARN_UNREACHABLE_CODE = YES;
				CLANG_WARN__DUPLICATE_METHOD_MATCH = YES;
				COPY_PHASE_STRIP = NO;
				DEBUG_INFORMATION_FORMAT = dwarf;
				ENABLE_STRICT_OBJC_MSGSEND = YES;
				ENABLE_TESTABILITY = YES;
				GCC_C_LANGUAGE_STANDARD = gnu11;
				GCC_DYNAMIC_NO_PIC = NO;
				GCC_NO_COMMON_BLOCKS = YES;
				GCC_OPTIMIZATION_LEVEL = 0;
				GCC_PREPROCESSOR_DEFINITIONS = (
					"DEBUG=1",
					"$(inherited)",
				);
				GCC_WARN_64_TO_32_BIT_CONVERSION = YES;
				GCC_WARN_ABOUT_RETURN_TYPE = YES_ERROR;
				GCC_WARN_UNDECLARED_SELECTOR = YES;
				GCC_WARN_UNINITIALIZED_AUTOS = YES_AGGRESSIVE;
				GCC_WARN_UNUSED_FUNCTION = YES;
				GCC_WARN_UNUSED_VARIABLE = YES;
				MACOSX_DEPLOYMENT_TARGET = 13.1;
				MTL_ENABLE_DEBUG_INFO = INCLUDE_SOURCE;
				MTL_FAST_MATH = YES;
				ONLY_ACTIVE_ARCH = YES;
				SDKROOT = macosx;
				SWIFT_ACTIVE_COMPILATION_CONDITIONS = DEBUG;
				SWIFT_OPTIMIZATION_LEVEL = "-Onone";
			};
			name = Debug;
		};
		B4DD8A5D29805BD900FFCABB /* Release */ = {
			isa = XCBuildConfiguration;
			buildSettings = {
				ALWAYS_SEARCH_USER_PATHS = NO;
				CLANG_ANALYZER_NONNULL = YES;
				CLANG_ANALYZER_NUMBER_OBJECT_CONVERSION = YES_AGGRESSIVE;
				CLANG_CXX_LANGUAGE_STANDARD = "gnu++20";
				CLANG_ENABLE_MODULES = YES;
				CLANG_ENABLE_OBJC_ARC = YES;
				CLANG_ENABLE_OBJC_WEAK = YES;
				CLANG_WARN_BLOCK_CAPTURE_AUTORELEASING = YES;
				CLANG_WARN_BOOL_CONVERSION = YES;
				CLANG_WARN_COMMA = YES;
				CLANG_WARN_CONSTANT_CONVERSION = YES;
				CLANG_WARN_DEPRECATED_OBJC_IMPLEMENTATIONS = YES;
				CLANG_WARN_DIRECT_OBJC_ISA_USAGE = YES_ERROR;
				CLANG_WARN_DOCUMENTATION_COMMENTS = YES;
				CLANG_WARN_EMPTY_BODY = YES;
				CLANG_WARN_ENUM_CONVERSION = YES;
				CLANG_WARN_INFINITE_RECURSION = YES;
				CLANG_WARN_INT_CONVERSION = YES;
				CLANG_WARN_NON_LITERAL_NULL_CONVERSION = YES;
				CLANG_WARN_OBJC_IMPLICIT_RETAIN_SELF = YES;
				CLANG_WARN_OBJC_LITERAL_CONVERSION = YES;
				CLANG_WARN_OBJC_ROOT_CLASS = YES_ERROR;
				CLANG_WARN_QUOTED_INCLUDE_IN_FRAMEWORK_HEADER = YES;
				CLANG_WARN_RANGE_LOOP_ANALYSIS = YES;
				CLANG_WARN_STRICT_PROTOTYPES = YES;
				CLANG_WARN_SUSPICIOUS_MOVE = YES;
				CLANG_WARN_UNGUARDED_AVAILABILITY = YES_AGGRESSIVE;
				CLANG_WARN_UNREACHABLE_CODE = YES;
				CLANG_WARN__DUPLICATE_METHOD_MATCH = YES;
				COPY_PHASE_STRIP = NO;
				DEBUG_INFORMATION_FORMAT = "dwarf-with-dsym";
				ENABLE_NS_ASSERTIONS = NO;
				ENABLE_STRICT_OBJC_MSGSEND = YES;
				GCC_C_LANGUAGE_STANDARD = gnu11;
				GCC_NO_COMMON_BLOCKS = YES;
				GCC_WARN_64_TO_32_BIT_CONVERSION = YES;
				GCC_WARN_ABOUT_RETURN_TYPE = YES_ERROR;
				GCC_WARN_UNDECLARED_SELECTOR = YES;
				GCC_WARN_UNINITIALIZED_AUTOS = YES_AGGRESSIVE;
				GCC_WARN_UNUSED_FUNCTION = YES;
				GCC_WARN_UNUSED_VARIABLE = YES;
				MACOSX_DEPLOYMENT_TARGET = 13.1;
				MTL_ENABLE_DEBUG_INFO = NO;
				MTL_FAST_MATH = YES;
				SDKROOT = macosx;
				SWIFT_COMPILATION_MODE = wholemodule;
				SWIFT_OPTIMIZATION_LEVEL = "-O";
			};
			name = Release;
		};
		B4DD8A5F29805BD900FFCABB /* Debug */ = {
			isa = XCBuildConfiguration;
			buildSettings = {
				ASSETCATALOG_COMPILER_APPICON_NAME = AppIcon;
				ASSETCATALOG_COMPILER_GLOBAL_ACCENT_COLOR_NAME = AccentColor;
				CODE_SIGN_ENTITLEMENTS = backgroundx/backgroundx.entitlements;
				"CODE_SIGN_IDENTITY[sdk=macosx*]" = "Apple Development";
				CODE_SIGN_STYLE = Automatic;
				COMBINE_HIDPI_IMAGES = YES;
				CURRENT_PROJECT_VERSION = 3;
				DEVELOPMENT_ASSET_PATHS = "\"backgroundx/Preview Content\"";
				DEVELOPMENT_TEAM = DAVZFCU3ML;
				ENABLE_HARDENED_RUNTIME = YES;
				ENABLE_PREVIEWS = YES;
				GENERATE_INFOPLIST_FILE = YES;
				INFOPLIST_KEY_CFBundleDisplayName = BackgroundX;
				INFOPLIST_KEY_LSApplicationCategoryType = "public.app-category.utilities";
				INFOPLIST_KEY_NSHumanReadableCopyright = "";
				LD_RUNPATH_SEARCH_PATHS = (
					"$(inherited)",
					"@executable_path/../Frameworks",
				);
				MACOSX_DEPLOYMENT_TARGET = 12.0;
				MARKETING_VERSION = 0.2.0;
				PRODUCT_BUNDLE_IDENTIFIER = dev.jensderuiter.backgroundx;
				PRODUCT_NAME = "$(TARGET_NAME)";
				SWIFT_EMIT_LOC_STRINGS = YES;
				SWIFT_VERSION = 5.0;
			};
			name = Debug;
		};
		B4DD8A6029805BD900FFCABB /* Release */ = {
			isa = XCBuildConfiguration;
			buildSettings = {
				ASSETCATALOG_COMPILER_APPICON_NAME = AppIcon;
				ASSETCATALOG_COMPILER_GLOBAL_ACCENT_COLOR_NAME = AccentColor;
				CODE_SIGN_ENTITLEMENTS = backgroundx/backgroundx.entitlements;
				"CODE_SIGN_IDENTITY[sdk=macosx*]" = "Apple Development";
				CODE_SIGN_STYLE = Automatic;
				COMBINE_HIDPI_IMAGES = YES;
				CURRENT_PROJECT_VERSION = 3;
				DEVELOPMENT_ASSET_PATHS = "\"backgroundx/Preview Content\"";
				DEVELOPMENT_TEAM = DAVZFCU3ML;
				ENABLE_HARDENED_RUNTIME = YES;
				ENABLE_PREVIEWS = YES;
				GENERATE_INFOPLIST_FILE = YES;
				INFOPLIST_KEY_CFBundleDisplayName = BackgroundX;
				INFOPLIST_KEY_LSApplicationCategoryType = "public.app-category.utilities";
				INFOPLIST_KEY_NSHumanReadableCopyright = "";
				LD_RUNPATH_SEARCH_PATHS = (
					"$(inherited)",
					"@executable_path/../Frameworks",
				);
				MACOSX_DEPLOYMENT_TARGET = 12.0;
				MARKETING_VERSION = 0.2.0;
				PRODUCT_BUNDLE_IDENTIFIER = dev.jensderuiter.backgroundx;
				PRODUCT_NAME = "$(TARGET_NAME)";
				SWIFT_EMIT_LOC_STRINGS = YES;
				SWIFT_VERSION = 5.0;
			};
			name = Release;
		};
/* End XCBuildConfiguration section */

/* Begin XCConfigurationList section */
		B4DD8A4A29805BD800FFCABB /* Build configuration list for PBXProject "backgroundx" */ = {
			isa = XCConfigurationList;
			buildConfigurations = (
				B4DD8A5C29805BD900FFCABB /* Debug */,
				B4DD8A5D29805BD900FFCABB /* Release */,
			);
			defaultConfigurationIsVisible = 0;
			defaultConfigurationName = Release;
		};
		B4DD8A5E29805BD900FFCABB /* Build configuration list for PBXNativeTarget "backgroundx" */ = {
			isa = XCConfigurationList;
			buildConfigurations = (
				B4DD8A5F29805BD900FFCABB /* Debug */,
				B4DD8A6029805BD900FFCABB /* Release */,
			);
			defaultConfigurationIsVisible = 0;
			defaultConfigurationName = Release;
		};
/* End XCConfigurationList section */
	};
	rootObject = B4DD8A4729805BD800FFCABB /* Project object */;
}
